{
  "lockfile_version": "1",
  "packages": {
    "curlie@1.7": {
      "last_modified": "2025-04-17T05:47:26Z",
      "resolved": "github:NixOS/nixpkgs/ebe4301cbd8f81c4f8d3244b3632338bbeb6d49c#curlie",
      "source": "devbox-search",
      "version": "1.7.2",
      "systems": {
        "aarch64-darwin": {
          "outputs": [
            {
              "name": "out",
              "path": "/nix/store/7g07m01n2w9vk0fa42qg567w9a5m5g9q-curlie-1.7.2",
              "default": true
            }
          ],
          "store_path": "/nix/store/7g07m01n2w9vk0fa42qg567w9a5m5g9q-curlie-1.7.2"
        },
        "aarch64-linux": {
          "outputs": [
            {
              "name": "out",
              "path": "/nix/store/1v92dkcv2ggq79dy1qd6bvgxasgsjb56-curlie-1.7.2",
              "default": true
            }
          ],
          "store_path": "/nix/store/1v92dkcv2ggq79dy1qd6bvgxasgsjb56-curlie-1.7.2"
        },
        "x86_64-darwin": {
          "outputs": [
            {
              "name": "out",
              "path": "/nix/store/a7gf67ib03ad7nxq88yb5w6qqrkgsakz-curlie-1.7.2",
              "default": true
            }
          ],
          "store_path": "/nix/store/a7gf67ib03ad7nxq88yb5w6qqrkgsakz-curlie-1.7.2"
        },
        "x86_64-linux": {
          "outputs": [
            {
              "name": "out",
              "path": "/nix/store/vny4dkcywz8hisr1zhdvj4n227cifnq1-curlie-1.7.2",
              "default": true
            }
          ],
          "store_path": "/nix/store/vny4dkcywz8hisr1zhdvj4n227cifnq1-curlie-1.7.2"
        }
      }
    },
    "direnv@2.36": {
      "last_modified": "2025-06-20T02:24:11Z",
      "resolved": "github:NixOS/nixpkgs/076e8c6678d8c54204abcb4b1b14c366835a58bb#direnv",
      "source": "devbox-search",
      "version": "2.36.0",
      "systems": {
        "aarch64-darwin": {
          "outputs": [
            {
              "name": "out",
              "path": "/nix/store/mm3xy1931s3xckjacxrhp1386avgaap3-direnv-2.36.0",
              "default": true
            }
          ],
          "store_path": "/nix/store/mm3xy1931s3xckjacxrhp1386avgaap3-direnv-2.36.0"
        },
        "aarch64-linux": {
          "outputs": [
            {
              "name": "out",
              "path": "/nix/store/vcpic6dvsjirmmbvxp8gy4za2zv3ilxs-direnv-2.36.0",
              "default": true
            }
          ],
          "store_path": "/nix/store/vcpic6dvsjirmmbvxp8gy4za2zv3ilxs-direnv-2.36.0"
        },
        "x86_64-darwin": {
          "outputs": [
            {
              "name": "out",
              "path": "/nix/store/466nkm54y3m7c933jrbyaszrm9viyxda-direnv-2.36.0",
              "default": true
            }
          ],
          "store_path": "/nix/store/466nkm54y3m7c933jrbyaszrm9viyxda-direnv-2.36.0"
        },
        "x86_64-linux": {
          "outputs": [
            {
              "name": "out",
              "path": "/nix/store/vip71i9w458y607adcja01ik8lbq5n4g-direnv-2.36.0",
              "default": true
            }
          ],
          "store_path": "/nix/store/vip71i9w458y607adcja01ik8lbq5n4g-direnv-2.36.0"
        }
      }
    },
    "fzf@0.62": {
      "last_modified": "2025-06-20T02:24:11Z",
      "resolved": "github:NixOS/nixpkgs/076e8c6678d8c54204abcb4b1b14c366835a58bb#fzf",
      "source": "devbox-search",
      "version": "0.62.0",
      "systems": {
        "aarch64-darwin": {
          "outputs": [
            {
              "name": "out",
              "path": "/nix/store/80hwwq3k3xhmhvd2my22px2nwi0kng23-fzf-0.62.0",
              "default": true
            },
            {
              "name": "man",
              "path": "/nix/store/zgja9ivz0qwcbnf5cbkh4xc0c3ksxckg-fzf-0.62.0-man",
              "default": true
            }
          ],
          "store_path": "/nix/store/80hwwq3k3xhmhvd2my22px2nwi0kng23-fzf-0.62.0"
        },
        "aarch64-linux": {
          "outputs": [
            {
              "name": "out",
              "path": "/nix/store/aypa8cmvc1akpi743b4w75qzpja1c8qb-fzf-0.62.0",
              "default": true
            },
            {
              "name": "man",
              "path": "/nix/store/flfrgxlcn67xaaqli652snrp6irfzlah-fzf-0.62.0-man",
              "default": true
            }
          ],
          "store_path": "/nix/store/aypa8cmvc1akpi743b4w75qzpja1c8qb-fzf-0.62.0"
        },
        "x86_64-darwin": {
          "outputs": [
            {
              "name": "out",
              "path": "/nix/store/nh9pmscqb9myz16kzj6xpxgjgvq8kjjz-fzf-0.62.0",
              "default": true
            },
            {
              "name": "man",
              "path": "/nix/store/dskv3rchm20263v6swg47ywzhpqryyr2-fzf-0.62.0-man",
              "default": true
            }
          ],
          "store_path": "/nix/store/nh9pmscqb9myz16kzj6xpxgjgvq8kjjz-fzf-0.62.0"
        },
        "x86_64-linux": {
          "outputs": [
            {
              "name": "out",
              "path": "/nix/store/klriyms7qyk3dnzc8mkb3m141zwsp0s4-fzf-0.62.0",
              "default": true
            },
            {
              "name": "man",
              "path": "/nix/store/dy2idl0vbi528qi5vhggz4ygx6430bv3-fzf-0.62.0-man",
              "default": true
            }
          ],
          "store_path": "/nix/store/klriyms7qyk3dnzc8mkb3m141zwsp0s4-fzf-0.62.0"
        }
      }
    },
    "gh@2.74": {
      "last_modified": "2025-06-20T02:24:11Z",
      "resolved": "github:NixOS/nixpkgs/076e8c6678d8c54204abcb4b1b14c366835a58bb#gh",
      "source": "devbox-search",
      "version": "2.74.1",
      "systems": {
        "aarch64-darwin": {
          "outputs": [
            {
              "name": "out",
              "path": "/nix/store/m5rxavd2y3xmkyfa5ms37i45d309bzg0-gh-2.74.1",
              "default": true
            }
          ],
          "store_path": "/nix/store/m5rxavd2y3xmkyfa5ms37i45d309bzg0-gh-2.74.1"
        },
        "aarch64-linux": {
          "outputs": [
            {
              "name": "out",
              "path": "/nix/store/qzghds6isb9jnd1v2agin2q2gw3fx1wl-gh-2.74.1",
              "default": true
            }
          ],
          "store_path": "/nix/store/qzghds6isb9jnd1v2agin2q2gw3fx1wl-gh-2.74.1"
        },
        "x86_64-darwin": {
          "outputs": [
            {
              "name": "out",
              "path": "/nix/store/sldd5m1ws8k4pg8vr770rv5758w9p1d8-gh-2.74.1",
              "default": true
            }
          ],
          "store_path": "/nix/store/sldd5m1ws8k4pg8vr770rv5758w9p1d8-gh-2.74.1"
        },
        "x86_64-linux": {
          "outputs": [
            {
              "name": "out",
              "path": "/nix/store/ihamfj0ri32qmrijbyx19djgxi2w5jwg-gh-2.74.1",
              "default": true
            }
          ],
          "store_path": "/nix/store/ihamfj0ri32qmrijbyx19djgxi2w5jwg-gh-2.74.1"
        }
      }
    },
    "git@2.49": {
      "last_modified": "2025-06-20T02:24:11Z",
      "resolved": "github:NixOS/nixpkgs/076e8c6678d8c54204abcb4b1b14c366835a58bb#git",
      "source": "devbox-search",
      "version": "2.49.0",
      "systems": {
        "aarch64-darwin": {
          "outputs": [
            {
              "name": "out",
              "path": "/nix/store/ir2bhb7n3ngh0dg7p6jbhm1wa4d8gkb7-git-2.49.0",
              "default": true
            },
            {
              "name": "doc",
              "path": "/nix/store/f0bi1v08ki7pq6a4rzhjhnp5szj3940k-git-2.49.0-doc"
            }
          ],
          "store_path": "/nix/store/ir2bhb7n3ngh0dg7p6jbhm1wa4d8gkb7-git-2.49.0"
        },
        "aarch64-linux": {
          "outputs": [
            {
              "name": "out",
              "path": "/nix/store/5p8ljxbgnk31zxbz8hvrfkg1qfgiv3qi-git-2.49.0",
              "default": true
            },
            {
              "name": "debug",
              "path": "/nix/store/isw51rw1b78yw6k454m7h402k88n291w-git-2.49.0-debug"
            },
            {
              "name": "doc",
              "path": "/nix/store/hxw5vli42579b8bkxv6nq2p2z4vjvw97-git-2.49.0-doc"
            }
          ],
          "store_path": "/nix/store/5p8ljxbgnk31zxbz8hvrfkg1qfgiv3qi-git-2.49.0"
        },
        "x86_64-darwin": {
          "outputs": [
            {
              "name": "out",
              "path": "/nix/store/72qfjivfnm6kzdfbiavvici8bi3jzrs6-git-2.49.0",
              "default": true
            },
            {
              "name": "doc",
              "path": "/nix/store/900nidzjyaa0950wk104vzgb82h5wspi-git-2.49.0-doc"
            }
          ],
          "store_path": "/nix/store/72qfjivfnm6kzdfbiavvici8bi3jzrs6-git-2.49.0"
        },
        "x86_64-linux": {
          "outputs": [
            {
              "name": "out",
              "path": "/nix/store/rzqvhv48m3nh8g3j4k6jmz6yqy8apr95-git-2.49.0",
              "default": true
            },
            {
              "name": "debug",
              "path": "/nix/store/201xjz2py285323n3y7r30frdwbdnb6q-git-2.49.0-debug"
            },
            {
              "name": "doc",
              "path": "/nix/store/zcjdp82yx46w8yp1inxkkzb3a3k05a0m-git-2.49.0-doc"
            }
          ],
          "store_path": "/nix/store/rzqvhv48m3nh8g3j4k6jmz6yqy8apr95-git-2.49.0"
        }
      }
    },
    "github:NixOS/nixpkgs/nixpkgs-unstable": {
      "last_modified": "2025-06-24T02:18:21Z",
      "resolved": "github:NixOS/nixpkgs/69dfebb3d175bde602f612915c5576a41b18486b?lastModified=1750731501&narHash=sha256-Ah4qq%2BSbwMaGkuXCibyg%2BFwn00el4KmI3XFX6htfDuk%3D"
    },
    "jq@1.8": {
      "last_modified": "2025-06-20T02:24:11Z",
      "resolved": "github:NixOS/nixpkgs/076e8c6678d8c54204abcb4b1b14c366835a58bb#jq",
      "source": "devbox-search",
      "version": "1.8.0",
      "systems": {
        "aarch64-darwin": {
          "outputs": [
            {
              "name": "bin",
              "path": "/nix/store/04gj0cpc6mv0pkyz114p23fq65zx8mbx-jq-1.8.0-bin",
              "default": true
            },
            {
              "name": "man",
              "path": "/nix/store/7zdrvbyc5pgq9by1wzpn0q28iqsd0lx7-jq-1.8.0-man",
              "default": true
            },
            {
              "name": "dev",
              "path": "/nix/store/glkhwajjprqny359z1awxll8vnsa66lf-jq-1.8.0-dev"
            },
            {
              "name": "doc",
              "path": "/nix/store/yygyqari7g4kz9j0yyyl2lq6v2bg3dw2-jq-1.8.0-doc"
            },
            {
              "name": "out",
              "path": "/nix/store/78wqqi0zdlrgadz3nmd909axh5182k7v-jq-1.8.0"
            }
          ],
          "store_path": "/nix/store/04gj0cpc6mv0pkyz114p23fq65zx8mbx-jq-1.8.0-bin"
        },
        "aarch64-linux": {
          "outputs": [
            {
              "name": "bin",
              "path": "/nix/store/k9mybm2b3yr0v9fsm8vi0319diai4flj-jq-1.8.0-bin",
              "default": true
            },
            {
              "name": "man",
              "path": "/nix/store/v8lgx3i8v7kjqzgs8x75v0ysrlylfhg1-jq-1.8.0-man",
              "default": true
            },
            {
              "name": "dev",
              "path": "/nix/store/rzzhwmzryil6g7pl5i7jb4fs54nkkrm4-jq-1.8.0-dev"
            },
            {
              "name": "doc",
              "path": "/nix/store/xjcyd1pjjzja918407x5hvsa6sa3k4mj-jq-1.8.0-doc"
            },
            {
              "name": "out",
              "path": "/nix/store/8p4cdklsb5kn1w4ycq9na07ja19j6d87-jq-1.8.0"
            }
          ],
          "store_path": "/nix/store/k9mybm2b3yr0v9fsm8vi0319diai4flj-jq-1.8.0-bin"
        },
        "x86_64-darwin": {
          "outputs": [
            {
              "name": "bin",
              "path": "/nix/store/4d5y298s33gi9vcvviq8xah06203395s-jq-1.8.0-bin",
              "default": true
            },
            {
              "name": "man",
              "path": "/nix/store/drgz0ky78p3c6raccn7xsb5m9f91ba3x-jq-1.8.0-man",
              "default": true
            },
            {
              "name": "out",
              "path": "/nix/store/akq414spg0yr5rdba7mbbvz8s945gmya-jq-1.8.0"
            },
            {
              "name": "dev",
              "path": "/nix/store/zsmngm14i76pv54z4n8sj7dcwy6x10kn-jq-1.8.0-dev"
            },
            {
              "name": "doc",
              "path": "/nix/store/0122gf5v7922213mkjp3vlij53fkqvir-jq-1.8.0-doc"
            }
          ],
          "store_path": "/nix/store/4d5y298s33gi9vcvviq8xah06203395s-jq-1.8.0-bin"
        },
        "x86_64-linux": {
          "outputs": [
            {
              "name": "bin",
              "path": "/nix/store/2n9hfcfqdszxgsmi4qyqq6rv947dwwg9-jq-1.8.0-bin",
              "default": true
            },
            {
              "name": "man",
              "path": "/nix/store/njrgxwqnifcyh3x0v18v83ig179zccx0-jq-1.8.0-man",
              "default": true
            },
            {
              "name": "dev",
              "path": "/nix/store/dvy119mx8ab0yjxblaaippb2js6nbzkn-jq-1.8.0-dev"
            },
            {
              "name": "doc",
              "path": "/nix/store/5qly4lwxrq5r3x472g2w35rz50b54a6n-jq-1.8.0-doc"
            },
            {
              "name": "out",
              "path": "/nix/store/qqx05qwhhmbrviw3iskgaigjxhczqhvx-jq-1.8.0"
            }
          ],
          "store_path": "/nix/store/2n9hfcfqdszxgsmi4qyqq6rv947dwwg9-jq-1.8.0-bin"
        }
      }
    },
    "neovim@0.11": {
      "last_modified": "2025-06-20T02:24:11Z",
      "resolved": "github:NixOS/nixpkgs/076e8c6678d8c54204abcb4b1b14c366835a58bb#neovim",
      "source": "devbox-search",
      "version": "0.11.2",
      "systems": {
        "aarch64-darwin": {
          "outputs": [
            {
              "name": "out",
              "path": "/nix/store/hgfn7jmx0ynk73nibw355r0salw8nxg2-neovim-0.11.2",
              "default": true
            }
          ],
          "store_path": "/nix/store/hgfn7jmx0ynk73nibw355r0salw8nxg2-neovim-0.11.2"
        },
        "aarch64-linux": {
          "outputs": [
            {
              "name": "out",
              "path": "/nix/store/f42fl9f8pb2rvcw612b913qq63c5pzpn-neovim-0.11.2",
              "default": true
            }
          ],
          "store_path": "/nix/store/f42fl9f8pb2rvcw612b913qq63c5pzpn-neovim-0.11.2"
        },
        "x86_64-darwin": {
          "outputs": [
            {
              "name": "out",
              "path": "/nix/store/x51igpf932qqf00y4x683h4frib1imma-neovim-0.11.2",
              "default": true
            }
          ],
          "store_path": "/nix/store/x51igpf932qqf00y4x683h4frib1imma-neovim-0.11.2"
        },
        "x86_64-linux": {
          "outputs": [
            {
              "name": "out",
              "path": "/nix/store/43jciqmw1cyyhbvyzbk4mc0f4cfwx5yf-neovim-0.11.2",
              "default": true
            }
          ],
          "store_path": "/nix/store/43jciqmw1cyyhbvyzbk4mc0f4cfwx5yf-neovim-0.11.2"
        }
      }
    },
    "ripgrep@14.1": {
      "last_modified": "2025-06-20T02:24:11Z",
      "resolved": "github:NixOS/nixpkgs/076e8c6678d8c54204abcb4b1b14c366835a58bb#ripgrep",
      "source": "devbox-search",
      "version": "14.1.1",
      "systems": {
        "aarch64-darwin": {
          "outputs": [
            {
              "name": "out",
              "path": "/nix/store/xygyyr4jqazmdmqf9x5pqkxnkcp9w0h8-ripgrep-14.1.1",
              "default": true
            }
          ],
          "store_path": "/nix/store/xygyyr4jqazmdmqf9x5pqkxnkcp9w0h8-ripgrep-14.1.1"
        },
        "aarch64-linux": {
          "outputs": [
            {
              "name": "out",
              "path": "/nix/store/7sbb7svbf8i6ffyyygn8siak2mbync0l-ripgrep-14.1.1",
              "default": true
            }
          ],
          "store_path": "/nix/store/7sbb7svbf8i6ffyyygn8siak2mbync0l-ripgrep-14.1.1"
        },
        "x86_64-darwin": {
          "outputs": [
            {
              "name": "out",
              "path": "/nix/store/p1avxlcrjpk93mfbzbkbwgcgxyj0avlc-ripgrep-14.1.1",
              "default": true
            }
          ],
          "store_path": "/nix/store/p1avxlcrjpk93mfbzbkbwgcgxyj0avlc-ripgrep-14.1.1"
        },
        "x86_64-linux": {
          "outputs": [
            {
              "name": "out",
              "path": "/nix/store/w2m5zrz3sla0bz1fmq2z9r2p0jbz4n9j-ripgrep-14.1.1",
              "default": true
            }
          ],
          "store_path": "/nix/store/w2m5zrz3sla0bz1fmq2z9r2p0jbz4n9j-ripgrep-14.1.1"
        }
      }
    },
    "starship@1.23": {
      "last_modified": "2025-06-20T02:24:11Z",
      "resolved": "github:NixOS/nixpkgs/076e8c6678d8c54204abcb4b1b14c366835a58bb#starship",
      "source": "devbox-search",
      "version": "1.23.0",
      "systems": {
        "aarch64-darwin": {
          "outputs": [
            {
              "name": "out",
              "path": "/nix/store/k1k1zwpqn5gfgdqql1z5g18i5vzrva3n-starship-1.23.0",
              "default": true
            }
          ],
          "store_path": "/nix/store/k1k1zwpqn5gfgdqql1z5g18i5vzrva3n-starship-1.23.0"
        },
        "aarch64-linux": {
          "outputs": [
            {
              "name": "out",
              "path": "/nix/store/wws7ziajwc4if7nf93ar9kfx8xq9n05k-starship-1.23.0",
              "default": true
            }
          ],
          "store_path": "/nix/store/wws7ziajwc4if7nf93ar9kfx8xq9n05k-starship-1.23.0"
        },
        "x86_64-darwin": {
          "outputs": [
            {
              "name": "out",
              "path": "/nix/store/gk115zbx24v64wwzv89dp6ggqimcspn0-starship-1.23.0",
              "default": true
            }
          ],
          "store_path": "/nix/store/gk115zbx24v64wwzv89dp6ggqimcspn0-starship-1.23.0"
        },
        "x86_64-linux": {
          "outputs": [
            {
              "name": "out",
              "path": "/nix/store/qqjk3k9j8p0v0vgyvv87y0qxvfb63wad-starship-1.23.0",
              "default": true
            }
          ],
          "store_path": "/nix/store/qqjk3k9j8p0v0vgyvv87y0qxvfb63wad-starship-1.23.0"
        }
      }
    }
  }
}
