{
  "lockfile_version": "1",
  "packages": {
    "direnv@2.36": {
      "last_modified": "2025-05-26T17:43:11Z",
      "resolved": "github:NixOS/nixpkgs/bdc995d3e97cec29eacc8fbe87e66edfea26b861#direnv",
      "source": "devbox-search",
      "version": "2.36.0",
      "systems": {
        "aarch64-darwin": {
          "outputs": [
            {
              "name": "out",
              "path": "/nix/store/g8hmdwd25ddyrbni7whd255cq7i6kk48-direnv-2.36.0",
              "default": true
            }
          ],
          "store_path": "/nix/store/g8hmdwd25ddyrbni7whd255cq7i6kk48-direnv-2.36.0"
        },
        "aarch64-linux": {
          "outputs": [
            {
              "name": "out",
              "path": "/nix/store/z3gkhnf30lr0sqylmc6d8cqw694nhvlc-direnv-2.36.0",
              "default": true
            }
          ],
          "store_path": "/nix/store/z3gkhnf30lr0sqylmc6d8cqw694nhvlc-direnv-2.36.0"
        },
        "x86_64-darwin": {
          "outputs": [
            {
              "name": "out",
              "path": "/nix/store/b4cqfb1gncazgs7qcj740fs5zfbwijha-direnv-2.36.0",
              "default": true
            }
          ],
          "store_path": "/nix/store/b4cqfb1gncazgs7qcj740fs5zfbwijha-direnv-2.36.0"
        },
        "x86_64-linux": {
          "outputs": [
            {
              "name": "out",
              "path": "/nix/store/jn8rvwixndyhk3ilibx8n7sx49fa34hy-direnv-2.36.0",
              "default": true
            }
          ],
          "store_path": "/nix/store/jn8rvwixndyhk3ilibx8n7sx49fa34hy-direnv-2.36.0"
        }
      }
    },
    "git@2.49": {
      "last_modified": "2025-05-16T20:19:48Z",
      "resolved": "github:NixOS/nixpkgs/12a55407652e04dcf2309436eb06fef0d3713ef3#git",
      "source": "devbox-search",
      "version": "2.49.0",
      "systems": {
        "aarch64-darwin": {
          "outputs": [
            {
              "name": "out",
              "path": "/nix/store/9pa6rygnkrdp03j4ba0w6yb5qid5x3qb-git-2.49.0",
              "default": true
            },
            {
              "name": "doc",
              "path": "/nix/store/4a1f3ymqasdx2sfwn615n6x6z15qk5nd-git-2.49.0-doc"
            }
          ],
          "store_path": "/nix/store/9pa6rygnkrdp03j4ba0w6yb5qid5x3qb-git-2.49.0"
        },
        "aarch64-linux": {
          "outputs": [
            {
              "name": "out",
              "path": "/nix/store/bqk89pw1wmjzrqi20vqz194ylfhl5cnm-git-2.49.0",
              "default": true
            },
            {
              "name": "doc",
              "path": "/nix/store/ll9hlbwp3vvihpx2p2g7mykrl2a4snk4-git-2.49.0-doc"
            },
            {
              "name": "debug",
              "path": "/nix/store/ypv73aihzciz9x12imf5dvz4qkn4wakd-git-2.49.0-debug"
            }
          ],
          "store_path": "/nix/store/bqk89pw1wmjzrqi20vqz194ylfhl5cnm-git-2.49.0"
        },
        "x86_64-darwin": {
          "outputs": [
            {
              "name": "out",
              "path": "/nix/store/38kaic6dax0nkj4xwnyysmlwzdlrfdfr-git-2.49.0",
              "default": true
            },
            {
              "name": "doc",
              "path": "/nix/store/0544ir9xg154jsb00i0881ggpafyw4nc-git-2.49.0-doc"
            }
          ],
          "store_path": "/nix/store/38kaic6dax0nkj4xwnyysmlwzdlrfdfr-git-2.49.0"
        },
        "x86_64-linux": {
          "outputs": [
            {
              "name": "out",
              "path": "/nix/store/805a5wv1cyah5awij184yfad1ksmbh9f-git-2.49.0",
              "default": true
            },
            {
              "name": "doc",
              "path": "/nix/store/7dfxlvdhr5g57b1v8gxwpa2gs7i9g3y5-git-2.49.0-doc"
            },
            {
              "name": "debug",
              "path": "/nix/store/6nibw5w4xay921qx7lp74bs10qsqp0g9-git-2.49.0-debug"
            }
          ],
          "store_path": "/nix/store/805a5wv1cyah5awij184yfad1ksmbh9f-git-2.49.0"
        }
      }
    },
    "github:NixOS/nixpkgs/nixpkgs-unstable": {
      "last_modified": "2025-06-06T12:35:49Z",
      "resolved": "github:NixOS/nixpkgs/a4ff0e3c64846abea89662bfbacf037ef4b34207?lastModified=1749213349&narHash=sha256-UAaWOyQhdp7nXzsbmLVC67fo%2BQetzoTm9hsPf9X3yr4%3D"
    },
    "neovim@0.11": {
      "last_modified": "2025-05-16T20:19:48Z",
      "resolved": "github:NixOS/nixpkgs/12a55407652e04dcf2309436eb06fef0d3713ef3#neovim",
      "source": "devbox-search",
      "version": "0.11.1",
      "systems": {
        "aarch64-darwin": {
          "outputs": [
            {
              "name": "out",
              "path": "/nix/store/f6qvn8lgs6bizsbhmnf8kx4hnkkq0vqf-neovim-0.11.1",
              "default": true
            }
          ],
          "store_path": "/nix/store/f6qvn8lgs6bizsbhmnf8kx4hnkkq0vqf-neovim-0.11.1"
        },
        "aarch64-linux": {
          "outputs": [
            {
              "name": "out",
              "path": "/nix/store/i37hcy8ks5abbfmmqlan6li1cc79xvcp-neovim-0.11.1",
              "default": true
            }
          ],
          "store_path": "/nix/store/i37hcy8ks5abbfmmqlan6li1cc79xvcp-neovim-0.11.1"
        },
        "x86_64-darwin": {
          "outputs": [
            {
              "name": "out",
              "path": "/nix/store/mx7v0ii0wp9kbsy86n6pwdp2y87vb8cf-neovim-0.11.1",
              "default": true
            }
          ],
          "store_path": "/nix/store/mx7v0ii0wp9kbsy86n6pwdp2y87vb8cf-neovim-0.11.1"
        },
        "x86_64-linux": {
          "outputs": [
            {
              "name": "out",
              "path": "/nix/store/vvsc7mbc7di7mqpvb5c0l2hhxs65qz31-neovim-0.11.1",
              "default": true
            }
          ],
          "store_path": "/nix/store/vvsc7mbc7di7mqpvb5c0l2hhxs65qz31-neovim-0.11.1"
        }
      }
    },
    "ripgrep@14.1": {
      "last_modified": "2025-05-16T20:19:48Z",
      "resolved": "github:NixOS/nixpkgs/12a55407652e04dcf2309436eb06fef0d3713ef3#ripgrep",
      "source": "devbox-search",
      "version": "14.1.1",
      "systems": {
        "aarch64-darwin": {
          "outputs": [
            {
              "name": "out",
              "path": "/nix/store/7sm130rzasd97g50bclmbdvn0s6fdprs-ripgrep-14.1.1",
              "default": true
            }
          ],
          "store_path": "/nix/store/7sm130rzasd97g50bclmbdvn0s6fdprs-ripgrep-14.1.1"
        },
        "aarch64-linux": {
          "outputs": [
            {
              "name": "out",
              "path": "/nix/store/qlxihgr9kihx2irnf2y3y4ra0m7v5dvd-ripgrep-14.1.1",
              "default": true
            }
          ],
          "store_path": "/nix/store/qlxihgr9kihx2irnf2y3y4ra0m7v5dvd-ripgrep-14.1.1"
        },
        "x86_64-darwin": {
          "outputs": [
            {
              "name": "out",
              "path": "/nix/store/y4z3ny6dlkak2n00ycnmaywf71pfvsk6-ripgrep-14.1.1",
              "default": true
            }
          ],
          "store_path": "/nix/store/y4z3ny6dlkak2n00ycnmaywf71pfvsk6-ripgrep-14.1.1"
        },
        "x86_64-linux": {
          "outputs": [
            {
              "name": "out",
              "path": "/nix/store/b9a4bfrb23fv03ysmqwybqcsc7iw97jf-ripgrep-14.1.1",
              "default": true
            }
          ],
          "store_path": "/nix/store/b9a4bfrb23fv03ysmqwybqcsc7iw97jf-ripgrep-14.1.1"
        }
      }
    },
    "starship@1.23": {
      "last_modified": "2025-05-16T20:19:48Z",
      "resolved": "github:NixOS/nixpkgs/12a55407652e04dcf2309436eb06fef0d3713ef3#starship",
      "source": "devbox-search",
      "version": "1.23.0",
      "systems": {
        "aarch64-darwin": {
          "outputs": [
            {
              "name": "out",
              "path": "/nix/store/pn12pmvwsyb69pnmjhllbcwdwnyqj33v-starship-1.23.0",
              "default": true
            }
          ],
          "store_path": "/nix/store/pn12pmvwsyb69pnmjhllbcwdwnyqj33v-starship-1.23.0"
        },
        "aarch64-linux": {
          "outputs": [
            {
              "name": "out",
              "path": "/nix/store/n4bsryvr64disxw6ib05sw8cd5i0h71a-starship-1.23.0",
              "default": true
            }
          ],
          "store_path": "/nix/store/n4bsryvr64disxw6ib05sw8cd5i0h71a-starship-1.23.0"
        },
        "x86_64-darwin": {
          "outputs": [
            {
              "name": "out",
              "path": "/nix/store/vzacxwrq9j68qcf577xhyr76vcpdm6jk-starship-1.23.0",
              "default": true
            }
          ],
          "store_path": "/nix/store/vzacxwrq9j68qcf577xhyr76vcpdm6jk-starship-1.23.0"
        },
        "x86_64-linux": {
          "outputs": [
            {
              "name": "out",
              "path": "/nix/store/sa6y5dghbdj04i4dwz7lxglfk1iafdci-starship-1.23.0",
              "default": true
            }
          ],
          "store_path": "/nix/store/sa6y5dghbdj04i4dwz7lxglfk1iafdci-starship-1.23.0"
        }
      }
    },
    "tree-sitter@0.25": {
      "last_modified": "2025-05-16T20:19:48Z",
      "resolved": "github:NixOS/nixpkgs/12a55407652e04dcf2309436eb06fef0d3713ef3#tree-sitter",
      "source": "devbox-search",
      "version": "0.25.3",
      "systems": {
        "aarch64-darwin": {
          "outputs": [
            {
              "name": "out",
              "path": "/nix/store/mcla2hvwrsizgbl5kvvyishibnxwwp48-tree-sitter-0.25.3",
              "default": true
            }
          ],
          "store_path": "/nix/store/mcla2hvwrsizgbl5kvvyishibnxwwp48-tree-sitter-0.25.3"
        },
        "aarch64-linux": {
          "outputs": [
            {
              "name": "out",
              "path": "/nix/store/pxwyq7hhp8apy80955828xxk3ybilxsj-tree-sitter-0.25.3",
              "default": true
            }
          ],
          "store_path": "/nix/store/pxwyq7hhp8apy80955828xxk3ybilxsj-tree-sitter-0.25.3"
        },
        "x86_64-darwin": {
          "outputs": [
            {
              "name": "out",
              "path": "/nix/store/drgx93q4hzar6r7gh8acin1szi382gzm-tree-sitter-0.25.3",
              "default": true
            }
          ],
          "store_path": "/nix/store/drgx93q4hzar6r7gh8acin1szi382gzm-tree-sitter-0.25.3"
        },
        "x86_64-linux": {
          "outputs": [
            {
              "name": "out",
              "path": "/nix/store/xa5nkrg7h2akk0962c3k9hxly104yq0k-tree-sitter-0.25.3",
              "default": true
            }
          ],
          "store_path": "/nix/store/xa5nkrg7h2akk0962c3k9hxly104yq0k-tree-sitter-0.25.3"
        }
      }
    },
    "tree@2.2": {
      "last_modified": "2025-05-16T20:19:48Z",
      "resolved": "github:NixOS/nixpkgs/12a55407652e04dcf2309436eb06fef0d3713ef3#tree",
      "source": "devbox-search",
      "version": "2.2.1",
      "systems": {
        "aarch64-darwin": {
          "outputs": [
            {
              "name": "out",
              "path": "/nix/store/4k68hkqsx4nyzncqdqm0az0sjbp3qb4x-tree-2.2.1",
              "default": true
            }
          ],
          "store_path": "/nix/store/4k68hkqsx4nyzncqdqm0az0sjbp3qb4x-tree-2.2.1"
        },
        "aarch64-linux": {
          "outputs": [
            {
              "name": "out",
              "path": "/nix/store/l8p5126km152gfrf1ccsi841sf6qw4iv-tree-2.2.1",
              "default": true
            }
          ],
          "store_path": "/nix/store/l8p5126km152gfrf1ccsi841sf6qw4iv-tree-2.2.1"
        },
        "x86_64-darwin": {
          "outputs": [
            {
              "name": "out",
              "path": "/nix/store/hz7yr86j6j1dxa4kfbskaksrbcyhdcxm-tree-2.2.1",
              "default": true
            }
          ],
          "store_path": "/nix/store/hz7yr86j6j1dxa4kfbskaksrbcyhdcxm-tree-2.2.1"
        },
        "x86_64-linux": {
          "outputs": [
            {
              "name": "out",
              "path": "/nix/store/wngjygf5hvr88144fad4gbzag1yc8bd0-tree-2.2.1",
              "default": true
            }
          ],
          "store_path": "/nix/store/wngjygf5hvr88144fad4gbzag1yc8bd0-tree-2.2.1"
        }
      }
    }
  }
}
