{
  "lockfile_version": "1",
  "packages": {
    "direnv@2.35": {
      "last_modified": "2025-01-19T08:16:51Z",
      "resolved": "github:NixOS/nixpkgs/50165c4f7eb48ce82bd063e1fb8047a0f515f8ce#direnv",
      "source": "devbox-search",
      "version": "2.35.0",
      "systems": {
        "aarch64-darwin": {
          "outputs": [
            {
              "name": "out",
              "path": "/nix/store/q00mwz61l0kz3ikjafm8v42df79vw70m-direnv-2.35.0",
              "default": true
            }
          ],
          "store_path": "/nix/store/q00mwz61l0kz3ikjafm8v42df79vw70m-direnv-2.35.0"
        },
        "aarch64-linux": {
          "outputs": [
            {
              "name": "out",
              "path": "/nix/store/5qjaj63mcpkbgg9dd7kq326d3zv1nfsq-direnv-2.35.0",
              "default": true
            }
          ],
          "store_path": "/nix/store/5qjaj63mcpkbgg9dd7kq326d3zv1nfsq-direnv-2.35.0"
        },
        "x86_64-darwin": {
          "outputs": [
            {
              "name": "out",
              "path": "/nix/store/7w42jcbp3gl8mswmqkfpm54znbb58116-direnv-2.35.0",
              "default": true
            }
          ],
          "store_path": "/nix/store/7w42jcbp3gl8mswmqkfpm54znbb58116-direnv-2.35.0"
        },
        "x86_64-linux": {
          "outputs": [
            {
              "name": "out",
              "path": "/nix/store/5acgdhnifp5hsvhw2w34jhs5xqjgv0v3-direnv-2.35.0",
              "default": true
            }
          ],
          "store_path": "/nix/store/5acgdhnifp5hsvhw2w34jhs5xqjgv0v3-direnv-2.35.0"
        }
      }
    },
    "git@2.47": {
      "last_modified": "2025-02-07T11:26:36Z",
      "resolved": "github:NixOS/nixpkgs/d98abf5cf5914e5e4e9d57205e3af55ca90ffc1d#git",
      "source": "devbox-search",
      "version": "2.47.2",
      "systems": {
        "aarch64-darwin": {
          "outputs": [
            {
              "name": "out",
              "path": "/nix/store/9z3jhc0rlj3zaw8nd1zka9vli6w0q11g-git-2.47.2",
              "default": true
            },
            {
              "name": "doc",
              "path": "/nix/store/rh151iwgy4h8yv8kxd5facw57cyj0bav-git-2.47.2-doc"
            }
          ],
          "store_path": "/nix/store/9z3jhc0rlj3zaw8nd1zka9vli6w0q11g-git-2.47.2"
        },
        "aarch64-linux": {
          "outputs": [
            {
              "name": "out",
              "path": "/nix/store/gx5y37qcfqdvn0h6swjd04dmqjjh3nk7-git-2.47.2",
              "default": true
            },
            {
              "name": "debug",
              "path": "/nix/store/8vfpmf3vjgzl2psip76p0f9h11sb6y3p-git-2.47.2-debug"
            },
            {
              "name": "doc",
              "path": "/nix/store/c25mq3q83dvw3k5pb0qr5333g3cycylq-git-2.47.2-doc"
            }
          ],
          "store_path": "/nix/store/gx5y37qcfqdvn0h6swjd04dmqjjh3nk7-git-2.47.2"
        },
        "x86_64-darwin": {
          "outputs": [
            {
              "name": "out",
              "path": "/nix/store/39xx5gx3hxigs1b5ldw5i2jr84vsn3rf-git-2.47.2",
              "default": true
            },
            {
              "name": "doc",
              "path": "/nix/store/xmh2djjrnbpiqqgpblrcbavnqh0nv4km-git-2.47.2-doc"
            }
          ],
          "store_path": "/nix/store/39xx5gx3hxigs1b5ldw5i2jr84vsn3rf-git-2.47.2"
        },
        "x86_64-linux": {
          "outputs": [
            {
              "name": "out",
              "path": "/nix/store/33g65w5cc9n8fr0hxj84282xmv4l7hyl-git-2.47.2",
              "default": true
            },
            {
              "name": "debug",
              "path": "/nix/store/jyz4nvcd3bci4vg2sfsmvrq0fp9mzr5a-git-2.47.2-debug"
            },
            {
              "name": "doc",
              "path": "/nix/store/lb4nipdhlwrxdavz7gdkcik6lkz3cbdm-git-2.47.2-doc"
            }
          ],
          "store_path": "/nix/store/33g65w5cc9n8fr0hxj84282xmv4l7hyl-git-2.47.2"
        }
      }
    },
    "neovim@0.10": {
      "last_modified": "2025-01-29T17:41:51Z",
      "resolved": "github:NixOS/nixpkgs/762a398892576efcc76fb233befbd58c2cef59e0#neovim",
      "source": "devbox-search",
      "version": "0.10.4",
      "systems": {
        "aarch64-darwin": {
          "outputs": [
            {
              "name": "out",
              "path": "/nix/store/srz9fzvxkdf1aywxyw75dd55g5gznaq9-neovim-0.10.4",
              "default": true
            }
          ],
          "store_path": "/nix/store/srz9fzvxkdf1aywxyw75dd55g5gznaq9-neovim-0.10.4"
        },
        "aarch64-linux": {
          "outputs": [
            {
              "name": "out",
              "path": "/nix/store/qdk3hbvybiqq35qa2hwsa8s9k9g17jrx-neovim-0.10.4",
              "default": true
            }
          ],
          "store_path": "/nix/store/qdk3hbvybiqq35qa2hwsa8s9k9g17jrx-neovim-0.10.4"
        },
        "x86_64-darwin": {
          "outputs": [
            {
              "name": "out",
              "path": "/nix/store/lppp82fl6iqf2j3s6l19smzg1ikx91rv-neovim-0.10.4",
              "default": true
            }
          ],
          "store_path": "/nix/store/lppp82fl6iqf2j3s6l19smzg1ikx91rv-neovim-0.10.4"
        },
        "x86_64-linux": {
          "outputs": [
            {
              "name": "out",
              "path": "/nix/store/0yh80gma2iv2m24y4qzc5r3xv6bcip5w-neovim-0.10.4",
              "default": true
            }
          ],
          "store_path": "/nix/store/0yh80gma2iv2m24y4qzc5r3xv6bcip5w-neovim-0.10.4"
        }
      }
    },
    "ripgrep@14.1": {
      "last_modified": "2025-01-19T08:16:51Z",
      "resolved": "github:NixOS/nixpkgs/50165c4f7eb48ce82bd063e1fb8047a0f515f8ce#ripgrep",
      "source": "devbox-search",
      "version": "14.1.1",
      "systems": {
        "aarch64-darwin": {
          "outputs": [
            {
              "name": "out",
              "path": "/nix/store/wpxhqaa5k638f17yiav6mcbsawi5hh6h-ripgrep-14.1.1",
              "default": true
            }
          ],
          "store_path": "/nix/store/wpxhqaa5k638f17yiav6mcbsawi5hh6h-ripgrep-14.1.1"
        },
        "aarch64-linux": {
          "outputs": [
            {
              "name": "out",
              "path": "/nix/store/xgpafx987hbg76crc9gbdcdbdy3w2cqw-ripgrep-14.1.1",
              "default": true
            }
          ],
          "store_path": "/nix/store/xgpafx987hbg76crc9gbdcdbdy3w2cqw-ripgrep-14.1.1"
        },
        "x86_64-darwin": {
          "outputs": [
            {
              "name": "out",
              "path": "/nix/store/3svg07dm8p1m4j7nk472mlp0j4f0gada-ripgrep-14.1.1",
              "default": true
            }
          ],
          "store_path": "/nix/store/3svg07dm8p1m4j7nk472mlp0j4f0gada-ripgrep-14.1.1"
        },
        "x86_64-linux": {
          "outputs": [
            {
              "name": "out",
              "path": "/nix/store/d7i7ccjxmlzh73l2s458s3c9kwdj2s3b-ripgrep-14.1.1",
              "default": true
            }
          ],
          "store_path": "/nix/store/d7i7ccjxmlzh73l2s458s3c9kwdj2s3b-ripgrep-14.1.1"
        }
      }
    },
    "starship@1.22": {
      "last_modified": "2025-01-19T08:16:51Z",
      "resolved": "github:NixOS/nixpkgs/50165c4f7eb48ce82bd063e1fb8047a0f515f8ce#starship",
      "source": "devbox-search",
      "version": "1.22.1",
      "systems": {
        "aarch64-darwin": {
          "outputs": [
            {
              "name": "out",
              "path": "/nix/store/8hfx54bslhdpwvdc1ah02ckvlz8ac88g-starship-1.22.1",
              "default": true
            }
          ],
          "store_path": "/nix/store/8hfx54bslhdpwvdc1ah02ckvlz8ac88g-starship-1.22.1"
        },
        "aarch64-linux": {
          "outputs": [
            {
              "name": "out",
              "path": "/nix/store/hkc59cqll5mkdr6p8kwpw85gm4i3l6ym-starship-1.22.1",
              "default": true
            }
          ],
          "store_path": "/nix/store/hkc59cqll5mkdr6p8kwpw85gm4i3l6ym-starship-1.22.1"
        },
        "x86_64-darwin": {
          "outputs": [
            {
              "name": "out",
              "path": "/nix/store/7qivjdb3w4xj1vqnz0jr8lmpy1b9cgqq-starship-1.22.1",
              "default": true
            }
          ],
          "store_path": "/nix/store/7qivjdb3w4xj1vqnz0jr8lmpy1b9cgqq-starship-1.22.1"
        },
        "x86_64-linux": {
          "outputs": [
            {
              "name": "out",
              "path": "/nix/store/95a32cz0mrbgsgnbilg20d2wdw6aj6x2-starship-1.22.1",
              "default": true
            }
          ],
          "store_path": "/nix/store/95a32cz0mrbgsgnbilg20d2wdw6aj6x2-starship-1.22.1"
        }
      }
    }
  }
}
