{
  "lockfile_version": "1",
  "packages": {
    "direnv@2.35.0": {
      "last_modified": "2025-01-19T08:16:51Z",
      "resolved": "github:NixOS/nixpkgs/50165c4f7eb48ce82bd063e1fb8047a0f515f8ce#direnv",
      "source": "devbox-search",
      "version": "2.35.0",
      "systems": {
        "aarch64-darwin": {
          "outputs": [
            {
              "name": "out",
              "path": "/nix/store/q00mwz61l0kz3ikjafm8v42df79vw70m-direnv-2.35.0",
              "default": true
            }
          ],
          "store_path": "/nix/store/q00mwz61l0kz3ikjafm8v42df79vw70m-direnv-2.35.0"
        },
        "aarch64-linux": {
          "outputs": [
            {
              "name": "out",
              "path": "/nix/store/5qjaj63mcpkbgg9dd7kq326d3zv1nfsq-direnv-2.35.0",
              "default": true
            }
          ],
          "store_path": "/nix/store/5qjaj63mcpkbgg9dd7kq326d3zv1nfsq-direnv-2.35.0"
        },
        "x86_64-darwin": {
          "outputs": [
            {
              "name": "out",
              "path": "/nix/store/7w42jcbp3gl8mswmqkfpm54znbb58116-direnv-2.35.0",
              "default": true
            }
          ],
          "store_path": "/nix/store/7w42jcbp3gl8mswmqkfpm54znbb58116-direnv-2.35.0"
        },
        "x86_64-linux": {
          "outputs": [
            {
              "name": "out",
              "path": "/nix/store/5acgdhnifp5hsvhw2w34jhs5xqjgv0v3-direnv-2.35.0",
              "default": true
            }
          ],
          "store_path": "/nix/store/5acgdhnifp5hsvhw2w34jhs5xqjgv0v3-direnv-2.35.0"
        }
      }
    },
    "git@2.47": {
      "last_modified": "2024-12-23T21:10:33Z",
      "resolved": "github:NixOS/nixpkgs/de1864217bfa9b5845f465e771e0ecb48b30e02d#git",
      "source": "devbox-search",
      "version": "2.47.0",
      "systems": {
        "aarch64-darwin": {
          "outputs": [
            {
              "name": "out",
              "path": "/nix/store/bi58hj6aqbswrwngsdzszzdf35vzsl36-git-2.47.0",
              "default": true
            },
            {
              "name": "doc",
              "path": "/nix/store/ilmzpslj8yvf5krdyz7bj08wjf03pxvj-git-2.47.0-doc"
            }
          ],
          "store_path": "/nix/store/bi58hj6aqbswrwngsdzszzdf35vzsl36-git-2.47.0"
        },
        "aarch64-linux": {
          "outputs": [
            {
              "name": "out",
              "path": "/nix/store/861v7354sw64ydk43jwdswwkqkf0dhq2-git-2.47.0",
              "default": true
            },
            {
              "name": "debug",
              "path": "/nix/store/cyfh5sk108g0yhif2ppxw3xyrbz9cc5k-git-2.47.0-debug"
            },
            {
              "name": "doc",
              "path": "/nix/store/4rj9xhq42v2b7nxf77xlkqbd20jzby0i-git-2.47.0-doc"
            }
          ],
          "store_path": "/nix/store/861v7354sw64ydk43jwdswwkqkf0dhq2-git-2.47.0"
        },
        "x86_64-darwin": {
          "outputs": [
            {
              "name": "out",
              "path": "/nix/store/v283088hdcppiswvqslgfspxwnq4ldz3-git-2.47.0",
              "default": true
            },
            {
              "name": "doc",
              "path": "/nix/store/i5rw1f8xv1sp13lcsxq0bkswn600lcmx-git-2.47.0-doc"
            }
          ],
          "store_path": "/nix/store/v283088hdcppiswvqslgfspxwnq4ldz3-git-2.47.0"
        },
        "x86_64-linux": {
          "outputs": [
            {
              "name": "out",
              "path": "/nix/store/iwq58rpn6idjnxbnyjh351776qzvsd0r-git-2.47.0",
              "default": true
            },
            {
              "name": "debug",
              "path": "/nix/store/1s38v03xh8d88b1wm8iwpkrpy6cf3ydq-git-2.47.0-debug"
            },
            {
              "name": "doc",
              "path": "/nix/store/kn855hkv6yda9wi7g48lxwgplijqijb9-git-2.47.0-doc"
            }
          ],
          "store_path": "/nix/store/iwq58rpn6idjnxbnyjh351776qzvsd0r-git-2.47.0"
        }
      }
    },
    "lua-language-server@3.13": {
      "last_modified": "2025-01-14T19:01:50Z",
      "resolved": "github:NixOS/nixpkgs/733994ea06585b76621073160e87b0bfac7fc5ae#lua-language-server",
      "source": "devbox-search",
      "version": "3.13.5",
      "systems": {
        "aarch64-darwin": {
          "outputs": [
            {
              "name": "out",
              "path": "/nix/store/zxzl6jymxn8svphfbrvl1xdmjns3sg60-lua-language-server-3.13.5",
              "default": true
            }
          ],
          "store_path": "/nix/store/zxzl6jymxn8svphfbrvl1xdmjns3sg60-lua-language-server-3.13.5"
        },
        "aarch64-linux": {
          "outputs": [
            {
              "name": "out",
              "path": "/nix/store/dz8d85h2v028xr7i08ddfjp436agzlnr-lua-language-server-3.13.5",
              "default": true
            }
          ],
          "store_path": "/nix/store/dz8d85h2v028xr7i08ddfjp436agzlnr-lua-language-server-3.13.5"
        },
        "x86_64-darwin": {
          "outputs": [
            {
              "name": "out",
              "path": "/nix/store/zmdl0xgfywzdvmrkc8gx00qv5i0qnkm5-lua-language-server-3.13.5",
              "default": true
            }
          ],
          "store_path": "/nix/store/zmdl0xgfywzdvmrkc8gx00qv5i0qnkm5-lua-language-server-3.13.5"
        },
        "x86_64-linux": {
          "outputs": [
            {
              "name": "out",
              "path": "/nix/store/0czr15njl0w2fiirj0ywf7215jfmj87z-lua-language-server-3.13.5",
              "default": true
            }
          ],
          "store_path": "/nix/store/0czr15njl0w2fiirj0ywf7215jfmj87z-lua-language-server-3.13.5"
        }
      }
    },
    "neovim@0.10": {
      "last_modified": "2024-12-30T01:48:12Z",
      "resolved": "github:NixOS/nixpkgs/6d97d419e5a9b36e6293887a89a078cf85f5a61b#neovim",
      "source": "devbox-search",
      "version": "0.10.3",
      "systems": {
        "aarch64-darwin": {
          "outputs": [
            {
              "name": "out",
              "path": "/nix/store/l1qg9fvn9h1jha5i77cg76s2ldl99q53-neovim-0.10.3",
              "default": true
            }
          ],
          "store_path": "/nix/store/l1qg9fvn9h1jha5i77cg76s2ldl99q53-neovim-0.10.3"
        },
        "aarch64-linux": {
          "outputs": [
            {
              "name": "out",
              "path": "/nix/store/4jsvhlj0519bsflh7h61qibr80hdhrwl-neovim-0.10.3",
              "default": true
            }
          ],
          "store_path": "/nix/store/4jsvhlj0519bsflh7h61qibr80hdhrwl-neovim-0.10.3"
        },
        "x86_64-darwin": {
          "outputs": [
            {
              "name": "out",
              "path": "/nix/store/c6v163rc7frrzaacq5im0wrjj9yg6hh0-neovim-0.10.3",
              "default": true
            }
          ],
          "store_path": "/nix/store/c6v163rc7frrzaacq5im0wrjj9yg6hh0-neovim-0.10.3"
        },
        "x86_64-linux": {
          "outputs": [
            {
              "name": "out",
              "path": "/nix/store/0p4jixf4vckf84vl1v892a2zkl8dgpxr-neovim-0.10.3",
              "default": true
            }
          ],
          "store_path": "/nix/store/0p4jixf4vckf84vl1v892a2zkl8dgpxr-neovim-0.10.3"
        }
      }
    },
    "ripgrep@14.1": {
      "last_modified": "2025-01-04T17:00:17Z",
      "resolved": "github:NixOS/nixpkgs/a1945f760a8fe019a4d753808de424dcd4e5b3cf#ripgrep",
      "source": "devbox-search",
      "version": "14.1.1",
      "systems": {
        "aarch64-darwin": {
          "outputs": [
            {
              "name": "out",
              "path": "/nix/store/4rgiqk6445n5kf8bp4bssjxzfwy964wk-ripgrep-14.1.1",
              "default": true
            }
          ],
          "store_path": "/nix/store/4rgiqk6445n5kf8bp4bssjxzfwy964wk-ripgrep-14.1.1"
        },
        "aarch64-linux": {
          "outputs": [
            {
              "name": "out",
              "path": "/nix/store/448sgrj1wai6q51mvda6irqcmbjgidly-ripgrep-14.1.1",
              "default": true
            }
          ],
          "store_path": "/nix/store/448sgrj1wai6q51mvda6irqcmbjgidly-ripgrep-14.1.1"
        },
        "x86_64-darwin": {
          "outputs": [
            {
              "name": "out",
              "path": "/nix/store/wpwrhmi5slhvsk7s18zhl0shy08jdaas-ripgrep-14.1.1",
              "default": true
            }
          ],
          "store_path": "/nix/store/wpwrhmi5slhvsk7s18zhl0shy08jdaas-ripgrep-14.1.1"
        },
        "x86_64-linux": {
          "outputs": [
            {
              "name": "out",
              "path": "/nix/store/a9fc2dnhwc0nmv1ync9inan025zs6qn3-ripgrep-14.1.1",
              "default": true
            }
          ],
          "store_path": "/nix/store/a9fc2dnhwc0nmv1ync9inan025zs6qn3-ripgrep-14.1.1"
        }
      }
    },
    "starship@1.22": {
      "last_modified": "2025-01-14T01:21:38Z",
      "resolved": "github:NixOS/nixpkgs/2b1fca3296ddd1602d2c4f104a4050e006f4b0cb#starship",
      "source": "devbox-search",
      "version": "1.22.1",
      "systems": {
        "aarch64-darwin": {
          "outputs": [
            {
              "name": "out",
              "path": "/nix/store/kn1i2lfgd10rxri0qc51dbhijbpm70zg-starship-1.22.1",
              "default": true
            }
          ],
          "store_path": "/nix/store/kn1i2lfgd10rxri0qc51dbhijbpm70zg-starship-1.22.1"
        },
        "aarch64-linux": {
          "outputs": [
            {
              "name": "out",
              "path": "/nix/store/q5i6325gz15n7fpc952241qj6wf6sskg-starship-1.22.1",
              "default": true
            }
          ],
          "store_path": "/nix/store/q5i6325gz15n7fpc952241qj6wf6sskg-starship-1.22.1"
        },
        "x86_64-darwin": {
          "outputs": [
            {
              "name": "out",
              "path": "/nix/store/csi6x3xrzsv8j1924csbcfiwplnfwvzn-starship-1.22.1",
              "default": true
            }
          ],
          "store_path": "/nix/store/csi6x3xrzsv8j1924csbcfiwplnfwvzn-starship-1.22.1"
        },
        "x86_64-linux": {
          "outputs": [
            {
              "name": "out",
              "path": "/nix/store/narp4bpmfdai5iqqwk07zz3mdf1gp56m-starship-1.22.1",
              "default": true
            }
          ],
          "store_path": "/nix/store/narp4bpmfdai5iqqwk07zz3mdf1gp56m-starship-1.22.1"
        }
      }
    }
  }
}
